
Microsoft Visual Studio Solution File, Format Version 12.00
# Visual Studio Version 17
VisualStudioVersion = 17.0.32014.148
MinimumVisualStudioVersion = 10.0.40219.1
Project("{9A19103F-16F7-4668-BE54-9A1E7A4F7556}") = "softaware.Sitemap", "softaware.Sitemap\softaware.Sitemap.csproj", "{2D94715C-B66E-4937-979E-DA530D1D469C}"
EndProject
Project("{FAE04EC0-301F-11D3-BF4B-00C04F79EFBC}") = "softaware.Sitemap.Test", "softaware.Sitemap.Test\softaware.Sitemap.Test.csproj", "{EB48875F-6FB2-4618-9569-1A9983029643}"
EndProject
Global
	GlobalSection(SolutionConfigurationPlatforms) = preSolution
		Debug|Any CPU = Debug|Any CPU
		Release|Any CPU = Release|Any CPU
	EndGlobalSection
	GlobalSection(ProjectConfigurationPlatforms) = postSolution
		{2D94715C-B66E-4937-979E-DA530D1D469C}.Debug|Any CPU.ActiveCfg = Debug|Any CPU
		{2D94715C-B66E-4937-979E-DA530D1D469C}.Debug|Any CPU.Build.0 = Debug|Any CPU
		{2D94715C-B66E-4937-979E-DA530D1D469C}.Release|Any CPU.ActiveCfg = Release|Any CPU
		{2D94715C-B66E-4937-979E-DA530D1D469C}.Release|Any CPU.Build.0 = Release|Any CPU
		{EB48875F-6FB2-4618-9569-1A9983029643}.Debug|Any CPU.ActiveCfg = Debug|Any CPU
		{EB48875F-6FB2-4618-9569-1A9983029643}.Debug|Any CPU.Build.0 = Debug|Any CPU
		{EB48875F-6FB2-4618-9569-1A9983029643}.Release|Any CPU.ActiveCfg = Release|Any CPU
		{EB48875F-6FB2-4618-9569-1A9983029643}.Release|Any CPU.Build.0 = Release|Any CPU
	EndGlobalSection
	GlobalSection(SolutionProperties) = preSolution
		HideSolutionNode = FALSE
	EndGlobalSection
	GlobalSection(ExtensibilityGlobals) = postSolution
		SolutionGuid = {40F58A4B-C13F-40A5-A312-CDCCEC155CB3}
	EndGlobalSection
EndGlobal
